
Microsoft Visual Studio Solution File, Format Version 12.00
# Visual Studio Version 16
VisualStudioVersion = 16.0.31729.503
MinimumVisualStudioVersion = 10.0.40219.1
Project("{FAE04EC0-301F-11D3-BF4B-00C04F79EFBC}") = "TRPO1233", "TRPO1233\TRPO1233.csproj", "{A6B81FC4-1201-4952-A234-F14D7418CE80}"
EndProject
Global
	GlobalSection(SolutionConfigurationPlatforms) = preSolution
		Debug|Any CPU = Debug|Any CPU
		Release|Any CPU = Release|Any CPU
	EndGlobalSection
	GlobalSection(ProjectConfigurationPlatforms) = postSolution
		{A6B81FC4-1201-4952-A234-F14D7418CE80}.Debug|Any CPU.ActiveCfg = Debug|Any CPU
		{A6B81FC4-1201-4952-A234-F14D7418CE80}.Debug|Any CPU.Build.0 = Debug|Any CPU
		{A6B81FC4-1201-4952-A234-F14D7418CE80}.Release|Any CPU.ActiveCfg = Release|Any CPU
		{A6B81FC4-1201-4952-A234-F14D7418CE80}.Release|Any CPU.Build.0 = Release|Any CPU
	EndGlobalSection
	GlobalSection(SolutionProperties) = preSolution
		HideSolutionNode = FALSE
	EndGlobalSection
	GlobalSection(ExtensibilityGlobals) = postSolution
		SolutionGuid = {938D8945-BF9F-4115-B04D-7588D2598D3B}
	EndGlobalSection
EndGlobal
